
Microsoft Visual Studio Solution File, Format Version 12.00
# Visual Studio Version 17
VisualStudioVersion = 17.0.31903.59
MinimumVisualStudioVersion = 10.0.40219.1
Project("{FAE04EC0-301F-11D3-BF4B-00C04F79EFBC}") = "SmallAreaFlowComp", "SmallAreaFlowComp\SmallAreaFlowComp.csproj", "{DBD3CF5F-ADA7-4197-A2BE-4F43B4FC786B}"
EndProject
Global
	GlobalSection(SolutionConfigurationPlatforms) = preSolution
		Debug|Any CPU = Debug|Any CPU
		Release|Any CPU = Release|Any CPU
	EndGlobalSection
	GlobalSection(SolutionProperties) = preSolution
		HideSolutionNode = FALSE
	EndGlobalSection
	GlobalSection(ProjectConfigurationPlatforms) = postSolution
		{DBD3CF5F-ADA7-4197-A2BE-4F43B4FC786B}.Debug|Any CPU.ActiveCfg = Debug|Any CPU
		{DBD3CF5F-ADA7-4197-A2BE-4F43B4FC786B}.Debug|Any CPU.Build.0 = Debug|Any CPU
		{DBD3CF5F-ADA7-4197-A2BE-4F43B4FC786B}.Release|Any CPU.ActiveCfg = Release|Any CPU
		{DBD3CF5F-ADA7-4197-A2BE-4F43B4FC786B}.Release|Any CPU.Build.0 = Release|Any CPU
	EndGlobalSection
EndGlobal
